Microsoft Visual Studio Solution File, Format Version 12.00
# Visual Studio 14
VisualStudioVersion = 14.0.25123.0
MinimumVisualStudioVersion = 10.0.40219.1
Project("{FAE04EC0-301F-11D3-BF4B-00C04F79EFBC}") = "DotNetEmotivSDK", "DotNetEmotivSDK\DotNetEmotivSDK.csproj", "{D3337309-9682-425E-8EDC-2ECFACF79565}"
EndProject
Project("{FAE04EC0-301F-11D3-BF4B-00C04F79EFBC}") = "EmotivWrapper", "EmotivWrapper\EmotivWrapper.csproj", "{5B12BF1C-BD1F-4431-B2AD-617346EA198E}"
EndProject
Project("{FAE04EC0-301F-11D3-BF4B-00C04F79EFBC}") = "EmotivImpl", "EmotivImpl\EmotivImpl.csproj", "{86F68AF7-F66C-47BA-931B-6FD5D5C89DE2}"
EndProject
Project("{FAE04EC0-301F-11D3-BF4B-00C04F79EFBC}") = "EmotivAnalytic", "EmotivAnalytic\EmotivAnalytic.csproj", "{B84FA3A0-D58E-4F07-A718-98B897303AFA}"
EndProject
Project("{FAE04EC0-301F-11D3-BF4B-00C04F79EFBC}") = "EmotivAnalyticApplication", "EmotivAnalyticApplication\EmotivAnalyticApplication.csproj", "{8FDFB7E0-0C9B-424B-B2BD-3A32232F2BB4}"
EndProject
Project("{FAE04EC0-301F-11D3-BF4B-00C04F79EFBC}") = "EmotivWrapperInterface", "EmotivWrapperInterface\EmotivWrapperInterface.csproj", "{0CD4AE1F-9D98-4B82-A533-9A91ED2E77DB}"
EndProject
Global
	GlobalSection(SolutionConfigurationPlatforms) = preSolution
		Debug|Any CPU = Debug|Any CPU
		Debug|x64 = Debug|x64
		Debug|x86 = Debug|x86
		Release|Any CPU = Release|Any CPU
		Release|x64 = Release|x64
		Release|x86 = Release|x86
	EndGlobalSection
	GlobalSection(ProjectConfigurationPlatforms) = postSolution
		{D3337309-9682-425E-8EDC-2ECFACF79565}.Debug|Any CPU.ActiveCfg = Debug|Any CPU
		{D3337309-9682-425E-8EDC-2ECFACF79565}.Debug|Any CPU.Build.0 = Debug|Any CPU
		{D3337309-9682-425E-8EDC-2ECFACF79565}.Debug|x64.ActiveCfg = Debug|x64
		{D3337309-9682-425E-8EDC-2ECFACF79565}.Debug|x64.Build.0 = Debug|x64
		{D3337309-9682-425E-8EDC-2ECFACF79565}.Debug|x86.ActiveCfg = Debug|x86
		{D3337309-9682-425E-8EDC-2ECFACF79565}.Debug|x86.Build.0 = Debug|x86
		{D3337309-9682-425E-8EDC-2ECFACF79565}.Release|Any CPU.ActiveCfg = Release|Any CPU
		{D3337309-9682-425E-8EDC-2ECFACF79565}.Release|Any CPU.Build.0 = Release|Any CPU
		{D3337309-9682-425E-8EDC-2ECFACF79565}.Release|x64.ActiveCfg = Release|x64
		{D3337309-9682-425E-8EDC-2ECFACF79565}.Release|x64.Build.0 = Release|x64
		{D3337309-9682-425E-8EDC-2ECFACF79565}.Release|x86.ActiveCfg = Release|x86
		{D3337309-9682-425E-8EDC-2ECFACF79565}.Release|x86.Build.0 = Release|x86
		{5B12BF1C-BD1F-4431-B2AD-617346EA198E}.Debug|Any CPU.ActiveCfg = Debug|Any CPU
		{5B12BF1C-BD1F-4431-B2AD-617346EA198E}.Debug|Any CPU.Build.0 = Debug|Any CPU
		{5B12BF1C-BD1F-4431-B2AD-617346EA198E}.Debug|x64.ActiveCfg = Debug|Any CPU
		{5B12BF1C-BD1F-4431-B2AD-617346EA198E}.Debug|x64.Build.0 = Debug|Any CPU
		{5B12BF1C-BD1F-4431-B2AD-617346EA198E}.Debug|x86.ActiveCfg = Debug|Any CPU
		{5B12BF1C-BD1F-4431-B2AD-617346EA198E}.Debug|x86.Build.0 = Debug|Any CPU
		{5B12BF1C-BD1F-4431-B2AD-617346EA198E}.Release|Any CPU.ActiveCfg = Release|Any CPU
		{5B12BF1C-BD1F-4431-B2AD-617346EA198E}.Release|Any CPU.Build.0 = Release|Any CPU
		{5B12BF1C-BD1F-4431-B2AD-617346EA198E}.Release|x64.ActiveCfg = Release|Any CPU
		{5B12BF1C-BD1F-4431-B2AD-617346EA198E}.Release|x64.Build.0 = Release|Any CPU
		{5B12BF1C-BD1F-4431-B2AD-617346EA198E}.Release|x86.ActiveCfg = Release|Any CPU
		{5B12BF1C-BD1F-4431-B2AD-617346EA198E}.Release|x86.Build.0 = Release|Any CPU
		{86F68AF7-F66C-47BA-931B-6FD5D5C89DE2}.Debug|Any CPU.ActiveCfg = Debug|Any CPU
		{86F68AF7-F66C-47BA-931B-6FD5D5C89DE2}.Debug|Any CPU.Build.0 = Debug|Any CPU
		{86F68AF7-F66C-47BA-931B-6FD5D5C89DE2}.Debug|x64.ActiveCfg = Debug|Any CPU
		{86F68AF7-F66C-47BA-931B-6FD5D5C89DE2}.Debug|x64.Build.0 = Debug|Any CPU
		{86F68AF7-F66C-47BA-931B-6FD5D5C89DE2}.Debug|x86.ActiveCfg = Debug|Any CPU
		{86F68AF7-F66C-47BA-931B-6FD5D5C89DE2}.Debug|x86.Build.0 = Debug|Any CPU
		{86F68AF7-F66C-47BA-931B-6FD5D5C89DE2}.Release|Any CPU.ActiveCfg = Release|Any CPU
		{86F68AF7-F66C-47BA-931B-6FD5D5C89DE2}.Release|Any CPU.Build.0 = Release|Any CPU
		{86F68AF7-F66C-47BA-931B-6FD5D5C89DE2}.Release|x64.ActiveCfg = Release|Any CPU
		{86F68AF7-F66C-47BA-931B-6FD5D5C89DE2}.Release|x64.Build.0 = Release|Any CPU
		{86F68AF7-F66C-47BA-931B-6FD5D5C89DE2}.Release|x86.ActiveCfg = Release|Any CPU
		{86F68AF7-F66C-47BA-931B-6FD5D5C89DE2}.Release|x86.Build.0 = Release|Any CPU
		{B84FA3A0-D58E-4F07-A718-98B897303AFA}.Debug|Any CPU.ActiveCfg = Debug|Any CPU
		{B84FA3A0-D58E-4F07-A718-98B897303AFA}.Debug|Any CPU.Build.0 = Debug|Any CPU
		{B84FA3A0-D58E-4F07-A718-98B897303AFA}.Debug|x64.ActiveCfg = Debug|Any CPU
		{B84FA3A0-D58E-4F07-A718-98B897303AFA}.Debug|x64.Build.0 = Debug|Any CPU
		{B84FA3A0-D58E-4F07-A718-98B897303AFA}.Debug|x86.ActiveCfg = Debug|Any CPU
		{B84FA3A0-D58E-4F07-A718-98B897303AFA}.Debug|x86.Build.0 = Debug|Any CPU
		{B84FA3A0-D58E-4F07-A718-98B897303AFA}.Release|Any CPU.ActiveCfg = Release|Any CPU
		{B84FA3A0-D58E-4F07-A718-98B897303AFA}.Release|Any CPU.Build.0 = Release|Any CPU
		{B84FA3A0-D58E-4F07-A718-98B897303AFA}.Release|x64.ActiveCfg = Release|Any CPU
		{B84FA3A0-D58E-4F07-A718-98B897303AFA}.Release|x64.Build.0 = Release|Any CPU
		{B84FA3A0-D58E-4F07-A718-98B897303AFA}.Release|x86.ActiveCfg = Release|Any CPU
		{B84FA3A0-D58E-4F07-A718-98B897303AFA}.Release|x86.Build.0 = Release|Any CPU
		{8FDFB7E0-0C9B-424B-B2BD-3A32232F2BB4}.Debug|Any CPU.ActiveCfg = Debug|Any CPU
		{8FDFB7E0-0C9B-424B-B2BD-3A32232F2BB4}.Debug|Any CPU.Build.0 = Debug|Any CPU
		{8FDFB7E0-0C9B-424B-B2BD-3A32232F2BB4}.Debug|x64.ActiveCfg = Debug|Any CPU
		{8FDFB7E0-0C9B-424B-B2BD-3A32232F2BB4}.Debug|x64.Build.0 = Debug|Any CPU
		{8FDFB7E0-0C9B-424B-B2BD-3A32232F2BB4}.Debug|x86.ActiveCfg = Debug|Any CPU
		{8FDFB7E0-0C9B-424B-B2BD-3A32232F2BB4}.Debug|x86.Build.0 = Debug|Any CPU
		{8FDFB7E0-0C9B-424B-B2BD-3A32232F2BB4}.Release|Any CPU.ActiveCfg = Release|Any CPU
		{8FDFB7E0-0C9B-424B-B2BD-3A32232F2BB4}.Release|Any CPU.Build.0 = Release|Any CPU
		{8FDFB7E0-0C9B-424B-B2BD-3A32232F2BB4}.Release|x64.ActiveCfg = Release|Any CPU
		{8FDFB7E0-0C9B-424B-B2BD-3A32232F2BB4}.Release|x64.Build.0 = Release|Any CPU
		{8FDFB7E0-0C9B-424B-B2BD-3A32232F2BB4}.Release|x86.ActiveCfg = Release|Any CPU
		{8FDFB7E0-0C9B-424B-B2BD-3A32232F2BB4}.Release|x86.Build.0 = Release|Any CPU
		{0CD4AE1F-9D98-4B82-A533-9A91ED2E77DB}.Debug|Any CPU.ActiveCfg = Debug|Any CPU
		{0CD4AE1F-9D98-4B82-A533-9A91ED2E77DB}.Debug|Any CPU.Build.0 = Debug|Any CPU
		{0CD4AE1F-9D98-4B82-A533-9A91ED2E77DB}.Debug|x64.ActiveCfg = Debug|Any CPU
		{0CD4AE1F-9D98-4B82-A533-9A91ED2E77DB}.Debug|x64.Build.0 = Debug|Any CPU
		{0CD4AE1F-9D98-4B82-A533-9A91ED2E77DB}.Debug|x86.ActiveCfg = Debug|Any CPU
		{0CD4AE1F-9D98-4B82-A533-9A91ED2E77DB}.Debug|x86.Build.0 = Debug|Any CPU
		{0CD4AE1F-9D98-4B82-A533-9A91ED2E77DB}.Release|Any CPU.ActiveCfg = Release|Any CPU
		{0CD4AE1F-9D98-4B82-A533-9A91ED2E77DB}.Release|Any CPU.Build.0 = Release|Any CPU
		{0CD4AE1F-9D98-4B82-A533-9A91ED2E77DB}.Release|x64.ActiveCfg = Release|Any CPU
		{0CD4AE1F-9D98-4B82-A533-9A91ED2E77DB}.Release|x64.Build.0 = Release|Any CPU
		{0CD4AE1F-9D98-4B82-A533-9A91ED2E77DB}.Release|x86.ActiveCfg = Release|Any CPU
		{0CD4AE1F-9D98-4B82-A533-9A91ED2E77DB}.Release|x86.Build.0 = Release|Any CPU
	EndGlobalSection
	GlobalSection(SolutionProperties) = preSolution
		HideSolutionNode = FALSE
	EndGlobalSection
EndGlobal
