Microsoft Visual Studio Solution File, Format Version 12.00
# Visual Studio 14
VisualStudioVersion = 14.0.25420.1
MinimumVisualStudioVersion = 10.0.40219.1
Project("{FAE04EC0-301F-11D3-BF4B-00C04F79EFBC}") = "ConnectomeWindows", "Connectome\ConnectomeWindows.csproj", "{FABEBB54-7E6E-4DCD-A4A3-D713EA38731B}"
EndProject
Project("{FAE04EC0-301F-11D3-BF4B-00C04F79EFBC}") = "ConnectomeGTK", "Connectome\ConnectomeGTK.csproj", "{95EE3B89-3300-4482-95A3-DC42EC8B3676}"
EndProject
Project("{FAE04EC0-301F-11D3-BF4B-00C04F79EFBC}") = "ConnectomeOSX", "Connectome\ConnectomeOSX.csproj", "{F0023D5F-282A-4C5B-9954-1244C7EC716B}"
EndProject
Project("{FAE04EC0-301F-11D3-BF4B-00C04F79EFBC}") = "DotNetEmotivSDK", "DotNetEmotivSDK\DotNetEmotivSDK.csproj", "{D3337309-9682-425E-8EDC-2ECFACF79565}"
EndProject
Project("{FAE04EC0-301F-11D3-BF4B-00C04F79EFBC}") = "EmoStateLogger", "EmoStateLogger\EmoStateLogger.csproj", "{374D51CD-5F57-4145-8A61-9CBAB5E0F6D7}"
EndProject
Global
	GlobalSection(SolutionConfigurationPlatforms) = preSolution
		Debug|Any CPU = Debug|Any CPU
		Debug|x64 = Debug|x64
		Debug|x86 = Debug|x86
		Release|Any CPU = Release|Any CPU
		Release|x64 = Release|x64
		Release|x86 = Release|x86
	EndGlobalSection
	GlobalSection(ProjectConfigurationPlatforms) = postSolution
		{FABEBB54-7E6E-4DCD-A4A3-D713EA38731B}.Debug|Any CPU.ActiveCfg = Debug|x86
		{FABEBB54-7E6E-4DCD-A4A3-D713EA38731B}.Debug|x64.ActiveCfg = Debug|x64
		{FABEBB54-7E6E-4DCD-A4A3-D713EA38731B}.Debug|x64.Build.0 = Debug|x64
		{FABEBB54-7E6E-4DCD-A4A3-D713EA38731B}.Debug|x86.ActiveCfg = Debug|x86
		{FABEBB54-7E6E-4DCD-A4A3-D713EA38731B}.Debug|x86.Build.0 = Debug|x86
		{FABEBB54-7E6E-4DCD-A4A3-D713EA38731B}.Release|Any CPU.ActiveCfg = Release|x86
		{FABEBB54-7E6E-4DCD-A4A3-D713EA38731B}.Release|x64.ActiveCfg = Release|x64
		{FABEBB54-7E6E-4DCD-A4A3-D713EA38731B}.Release|x64.Build.0 = Release|x64
		{FABEBB54-7E6E-4DCD-A4A3-D713EA38731B}.Release|x86.ActiveCfg = Release|x86
		{FABEBB54-7E6E-4DCD-A4A3-D713EA38731B}.Release|x86.Build.0 = Release|x86
		{95EE3B89-3300-4482-95A3-DC42EC8B3676}.Debug|Any CPU.ActiveCfg = Debug|x64
		{95EE3B89-3300-4482-95A3-DC42EC8B3676}.Debug|x64.ActiveCfg = Debug|x64
		{95EE3B89-3300-4482-95A3-DC42EC8B3676}.Debug|x64.Build.0 = Debug|x64
		{95EE3B89-3300-4482-95A3-DC42EC8B3676}.Debug|x86.ActiveCfg = Debug|x64
		{95EE3B89-3300-4482-95A3-DC42EC8B3676}.Release|Any CPU.ActiveCfg = Release|x64
		{95EE3B89-3300-4482-95A3-DC42EC8B3676}.Release|x64.ActiveCfg = Release|x64
		{95EE3B89-3300-4482-95A3-DC42EC8B3676}.Release|x64.Build.0 = Release|x64
		{95EE3B89-3300-4482-95A3-DC42EC8B3676}.Release|x86.ActiveCfg = Release|x64
		{F0023D5F-282A-4C5B-9954-1244C7EC716B}.Debug|Any CPU.ActiveCfg = Debug|x64
		{F0023D5F-282A-4C5B-9954-1244C7EC716B}.Debug|x64.ActiveCfg = Debug|x64
		{F0023D5F-282A-4C5B-9954-1244C7EC716B}.Debug|x64.Build.0 = Debug|x64
		{F0023D5F-282A-4C5B-9954-1244C7EC716B}.Debug|x86.ActiveCfg = Debug|x64
		{F0023D5F-282A-4C5B-9954-1244C7EC716B}.Debug|x86.Build.0 = Debug|x64
		{F0023D5F-282A-4C5B-9954-1244C7EC716B}.Release|Any CPU.ActiveCfg = Release|x64
		{F0023D5F-282A-4C5B-9954-1244C7EC716B}.Release|x64.ActiveCfg = Release|x64
		{F0023D5F-282A-4C5B-9954-1244C7EC716B}.Release|x64.Build.0 = Release|x64
		{F0023D5F-282A-4C5B-9954-1244C7EC716B}.Release|x86.ActiveCfg = Debug|x64
		{F0023D5F-282A-4C5B-9954-1244C7EC716B}.Release|x86.Build.0 = Debug|x64
		{D3337309-9682-425E-8EDC-2ECFACF79565}.Debug|Any CPU.ActiveCfg = Debug|Any CPU
		{D3337309-9682-425E-8EDC-2ECFACF79565}.Debug|Any CPU.Build.0 = Debug|Any CPU
		{D3337309-9682-425E-8EDC-2ECFACF79565}.Debug|x64.ActiveCfg = Debug|x64
		{D3337309-9682-425E-8EDC-2ECFACF79565}.Debug|x64.Build.0 = Debug|x64
		{D3337309-9682-425E-8EDC-2ECFACF79565}.Debug|x86.ActiveCfg = Debug|x86
		{D3337309-9682-425E-8EDC-2ECFACF79565}.Debug|x86.Build.0 = Debug|x86
		{D3337309-9682-425E-8EDC-2ECFACF79565}.Release|Any CPU.ActiveCfg = Release|Any CPU
		{D3337309-9682-425E-8EDC-2ECFACF79565}.Release|Any CPU.Build.0 = Release|Any CPU
		{D3337309-9682-425E-8EDC-2ECFACF79565}.Release|x64.ActiveCfg = Release|x64
		{D3337309-9682-425E-8EDC-2ECFACF79565}.Release|x64.Build.0 = Release|x64
		{D3337309-9682-425E-8EDC-2ECFACF79565}.Release|x86.ActiveCfg = Release|x86
		{D3337309-9682-425E-8EDC-2ECFACF79565}.Release|x86.Build.0 = Release|x86
		{374D51CD-5F57-4145-8A61-9CBAB5E0F6D7}.Debug|Any CPU.ActiveCfg = Debug|x86
		{374D51CD-5F57-4145-8A61-9CBAB5E0F6D7}.Debug|x64.ActiveCfg = Debug|x64
		{374D51CD-5F57-4145-8A61-9CBAB5E0F6D7}.Debug|x64.Build.0 = Debug|x64
		{374D51CD-5F57-4145-8A61-9CBAB5E0F6D7}.Debug|x86.ActiveCfg = Debug|x86
		{374D51CD-5F57-4145-8A61-9CBAB5E0F6D7}.Debug|x86.Build.0 = Debug|x86
		{374D51CD-5F57-4145-8A61-9CBAB5E0F6D7}.Release|Any CPU.ActiveCfg = Release|x86
		{374D51CD-5F57-4145-8A61-9CBAB5E0F6D7}.Release|x64.ActiveCfg = Release|x64
		{374D51CD-5F57-4145-8A61-9CBAB5E0F6D7}.Release|x64.Build.0 = Release|x64
		{374D51CD-5F57-4145-8A61-9CBAB5E0F6D7}.Release|x86.ActiveCfg = Release|x86
		{374D51CD-5F57-4145-8A61-9CBAB5E0F6D7}.Release|x86.Build.0 = Release|x86
	EndGlobalSection
	GlobalSection(SolutionProperties) = preSolution
		HideSolutionNode = FALSE
	EndGlobalSection
EndGlobal
